// !$*UTF8*$!
{
	archiveVersion = 1;
	classes = {
	};
	objectVersion = 48;
	objects = {

/* Begin PBXBuildFile section */
		C0E7990A217F5AF6008763FA /* AppDelegate.m in Sources */ = {isa = PBXBuildFile; fileRef = C0E79909217F5AF6008763FA /* AppDelegate.m */; };
		C0E7990D217F5AF6008763FA /* ViewController.m in Sources */ = {isa = PBXBuildFile; fileRef = C0E7990C217F5AF6008763FA /* ViewController.m */; };
		C0E79910217F5AF6008763FA /* Main.storyboard in Resources */ = {isa = PBXBuildFile; fileRef = C0E7990E217F5AF6008763FA /* Main.storyboard */; };
		C0E79912217F5AF6008763FA /* Assets.xcassets in Resources */ = {isa = PBXBuildFile; fileRef = C0E79911217F5AF6008763FA /* Assets.xcassets */; };
		C0E79915217F5AF6008763FA /* LaunchScreen.storyboard in Resources */ = {isa = PBXBuildFile; fileRef = C0E79913217F5AF6008763FA /* LaunchScreen.storyboard */; };
		C0E79918217F5AF6008763FA /* main.m in Sources */ = {isa = PBXBuildFile; fileRef = C0E79917217F5AF6008763FA /* main.m */; };
		C0E79920217F5B1C008763FA /* TestView.m in Sources */ = {isa = PBXBuildFile; fileRef = C0E7991F217F5B1C008763FA /* TestView.m */; };
		C0E79922217F5B27008763FA /* TestView.xib in Resources */ = {isa = PBXBuildFile; fileRef = C0E79921217F5B27008763FA /* TestView.xib */; };
/* End PBXBuildFile section */

/* Begin PBXFileReference section */
		C0E79905217F5AF6008763FA /* CustomControlFromXib.app */ = {isa = PBXFileReference; explicitFileType = wrapper.application; includeInIndex = 0; path = CustomControlFromXib.app; sourceTree = BUILT_PRODUCTS_DIR; };
		C0E79908217F5AF6008763FA /* AppDelegate.h */ = {isa = PBXFileReference; lastKnownFileType = sourcecode.c.h; path = AppDelegate.h; sourceTree = "<group>"; };
		C0E79909217F5AF6008763FA /* AppDelegate.m */ = {isa = PBXFileReference; lastKnownFileType = sourcecode.c.objc; path = AppDelegate.m; sourceTree = "<group>"; };
		C0E7990B217F5AF6008763FA /* ViewController.h */ = {isa = PBXFileReference; lastKnownFileType = sourcecode.c.h; path = ViewController.h; sourceTree = "<group>"; };
		C0E7990C217F5AF6008763FA /* ViewController.m */ = {isa = PBXFileReference; lastKnownFileType = sourcecode.c.objc; path = ViewController.m; sourceTree = "<group>"; };
		C0E7990F217F5AF6008763FA /* Base */ = {isa = PBXFileReference; lastKnownFileType = file.storyboard; name = Base; path = Base.lproj/Main.storyboard; sourceTree = "<group>"; };
		C0E79911217F5AF6008763FA /* Assets.xcassets */ = {isa = PBXFileReference; lastKnownFileType = folder.assetcatalog; path = Assets.xcassets; sourceTree = "<group>"; };
		C0E79914217F5AF6008763FA /* Base */ = {isa = PBXFileReference; lastKnownFileType = file.storyboard; name = Base; path = Base.lproj/LaunchScreen.storyboard; sourceTree = "<group>"; };
		C0E79916217F5AF6008763FA /* Info.plist */ = {isa = PBXFileReference; lastKnownFileType = text.plist.xml; path = Info.plist; sourceTree = "<group>"; };
		C0E79917217F5AF6008763FA /* main.m */ = {isa = PBXFileReference; lastKnownFileType = sourcecode.c.objc; path = main.m; sourceTree = "<group>"; };
		C0E7991E217F5B1C008763FA /* TestView.h */ = {isa = PBXFileReference; lastKnownFileType = sourcecode.c.h; path = TestView.h; sourceTree = "<group>"; };
		C0E7991F217F5B1C008763FA /* TestView.m */ = {isa = PBXFileReference; lastKnownFileType = sourcecode.c.objc; path = TestView.m; sourceTree = "<group>"; };
		C0E79921217F5B27008763FA /* TestView.xib */ = {isa = PBXFileReference; lastKnownFileType = file.xib; path = TestView.xib; sourceTree = "<group>"; };
/* End PBXFileReference section */

/* Begin PBXFrameworksBuildPhase section */
		C0E79902217F5AF6008763FA /* Frameworks */ = {
			isa = PBXFrameworksBuildPhase;
			buildActionMask = 2147483647;
			files = (
			);
			runOnlyForDeploymentPostprocessing = 0;
		};
/* End PBXFrameworksBuildPhase section */

/* Begin PBXGroup section */
		C0E798FC217F5AF6008763FA = {
			isa = PBXGroup;
			children = (
				C0E79907217F5AF6008763FA /* CustomControlFromXib */,
				C0E79906217F5AF6008763FA /* Products */,
			);
			sourceTree = "<group>";
		};
		C0E79906217F5AF6008763FA /* Products */ = {
			isa = PBXGroup;
			children = (
				C0E79905217F5AF6008763FA /* CustomControlFromXib.app */,
			);
			name = Products;
			sourceTree = "<group>";
		};
		C0E79907217F5AF6008763FA /* CustomControlFromXib */ = {
			isa = PBXGroup;
			children = (
				C0E79908217F5AF6008763FA /* AppDelegate.h */,
				C0E79909217F5AF6008763FA /* AppDelegate.m */,
				C0E7990B217F5AF6008763FA /* ViewController.h */,
				C0E7990C217F5AF6008763FA /* ViewController.m */,
				C0E7991E217F5B1C008763FA /* TestView.h */,
				C0E7991F217F5B1C008763FA /* TestView.m */,
				C0E79921217F5B27008763FA /* TestView.xib */,
				C0E7990E217F5AF6008763FA /* Main.storyboard */,
				C0E79911217F5AF6008763FA /* Assets.xcassets */,
				C0E79913217F5AF6008763FA /* LaunchScreen.storyboard */,
				C0E79916217F5AF6008763FA /* Info.plist */,
				C0E79917217F5AF6008763FA /* main.m */,
			);
			path = CustomControlFromXib;
			sourceTree = "<group>";
		};
/* End PBXGroup section */

/* Begin PBXNativeTarget section */
		C0E79904217F5AF6008763FA /* CustomControlFromXib */ = {
			isa = PBXNativeTarget;
			buildConfigurationList = C0E7991B217F5AF6008763FA /* Build configuration list for PBXNativeTarget "CustomControlFromXib" */;
			buildPhases = (
				C0E79901217F5AF6008763FA /* Sources */,
				C0E79902217F5AF6008763FA /* Frameworks */,
				C0E79903217F5AF6008763FA /* Resources */,
			);
			buildRules = (
			);
			dependencies = (
			);
			name = CustomControlFromXib;
			productName = CustomControlFromXib;
			productReference = C0E79905217F5AF6008763FA /* CustomControlFromXib.app */;
			productType = "com.apple.product-type.application";
		};
/* End PBXNativeTarget section */

/* Begin PBXProject section */
		C0E798FD217F5AF6008763FA /* Project object */ = {
			isa = PBXProject;
			attributes = {
				LastUpgradeCheck = 0900;
				ORGANIZATIONNAME = WondersGroup;
				TargetAttributes = {
					C0E79904217F5AF6008763FA = {
						CreatedOnToolsVersion = 9.0.1;
						ProvisioningStyle = Automatic;
					};
				};
			};
			buildConfigurationList = C0E79900217F5AF6008763FA /* Build configuration list for PBXProject "CustomControlFromXib" */;
			compatibilityVersion = "Xcode 8.0";
			developmentRegion = en;
			hasScannedForEncodings = 0;
			knownRegions = (
				en,
				Base,
			);
			mainGroup = C0E798FC217F5AF6008763FA;
			productRefGroup = C0E79906217F5AF6008763FA /* Products */;
			projectDirPath = "";
			projectRoot = "";
			targets = (
				C0E79904217F5AF6008763FA /* CustomControlFromXib */,
			);
		};
/* End PBXProject section */

/* Begin PBXResourcesBuildPhase section */
		C0E79903217F5AF6008763FA /* Resources */ = {
			isa = PBXResourcesBuildPhase;
			buildActionMask = 2147483647;
			files = (
				C0E79922217F5B27008763FA /* TestView.xib in Resources */,
				C0E79915217F5AF6008763FA /* LaunchScreen.storyboard in Resources */,
				C0E79912217F5AF6008763FA /* Assets.xcassets in Resources */,
				C0E79910217F5AF6008763FA /* Main.storyboard in Resources */,
			);
			runOnlyForDeploymentPostprocessing = 0;
		};
/* End PBXResourcesBuildPhase section */

/* Begin PBXSourcesBuildPhase section */
		C0E79901217F5AF6008763FA /* Sources */ = {
			isa = PBXSourcesBuildPhase;
			buildActionMask = 2147483647;
			files = (
				C0E79920217F5B1C008763FA /* TestView.m in Sources */,
				C0E7990D217F5AF6008763FA /* ViewController.m in Sources */,
				C0E79918217F5AF6008763FA /* main.m in Sources */,
				C0E7990A217F5AF6008763FA /* AppDelegate.m in Sources */,
			);
			runOnlyForDeploymentPostprocessing = 0;
		};
/* End PBXSourcesBuildPhase section */

/* Begin PBXVariantGroup section */
		C0E7990E217F5AF6008763FA /* Main.storyboard */ = {
			isa = PBXVariantGroup;
			children = (
				C0E7990F217F5AF6008763FA /* Base */,
			);
			name = Main.storyboard;
			sourceTree = "<group>";
		};
		C0E79913217F5AF6008763FA /* LaunchScreen.storyboard */ = {
			isa = PBXVariantGroup;
			children = (
				C0E79914217F5AF6008763FA /* Base */,
			);
			name = LaunchScreen.storyboard;
			sourceTree = "<group>";
		};
/* End PBXVariantGroup section */

/* Begin XCBuildConfiguration section */
		C0E79919217F5AF6008763FA /* Debug */ = {
			isa = XCBuildConfiguration;
			buildSettings = {
				ALWAYS_SEARCH_USER_PATHS = NO;
				CLANG_ANALYZER_NONNULL = YES;
				CLANG_ANALYZER_NUMBER_OBJECT_CONVERSION = YES_AGGRESSIVE;
				CLANG_CXX_LANGUAGE_STANDARD = "gnu++14";
				CLANG_CXX_LIBRARY = "libc++";
				CLANG_ENABLE_MODULES = YES;
				CLANG_ENABLE_OBJC_ARC = YES;
				CLANG_WARN_BLOCK_CAPTURE_AUTORELEASING = YES;
				CLANG_WARN_BOOL_CONVERSION = YES;
				CLANG_WARN_COMMA = YES;
				CLANG_WARN_CONSTANT_CONVERSION = YES;
				CLANG_WARN_DIRECT_OBJC_ISA_USAGE = YES_ERROR;
				CLANG_WARN_DOCUMENTATION_COMMENTS = YES;
				CLANG_WARN_EMPTY_BODY = YES;
				CLANG_WARN_ENUM_CONVERSION = YES;
				CLANG_WARN_INFINITE_RECURSION = YES;
				CLANG_WARN_INT_CONVERSION = YES;
				CLANG_WARN_NON_LITERAL_NULL_CONVERSION = YES;
				CLANG_WARN_OBJC_LITERAL_CONVERSION = YES;
				CLANG_WARN_OBJC_ROOT_CLASS = YES_ERROR;
				CLANG_WARN_RANGE_LOOP_ANALYSIS = YES;
				CLANG_WARN_STRICT_PROTOTYPES = YES;
				CLANG_WARN_SUSPICIOUS_MOVE = YES;
				CLANG_WARN_UNGUARDED_AVAILABILITY = YES_AGGRESSIVE;
				CLANG_WARN_UNREACHABLE_CODE = YES;
				CLANG_WARN__DUPLICATE_METHOD_MATCH = YES;
				CODE_SIGN_IDENTITY = "iPhone Developer";
				COPY_PHASE_STRIP = NO;
				DEBUG_INFORMATION_FORMAT = dwarf;
				ENABLE_STRICT_OBJC_MSGSEND = YES;
				ENABLE_TESTABILITY = YES;
				GCC_C_LANGUAGE_STANDARD = gnu11;
				GCC_DYNAMIC_NO_PIC = NO;
				GCC_NO_COMMON_BLOCKS = YES;
				GCC_OPTIMIZATION_LEVEL = 0;
				GCC_PREPROCESSOR_DEFINITIONS = (
					"DEBUG=1",
					"$(inherited)",
				);
				GCC_WARN_64_TO_32_BIT_CONVERSION = YES;
				GCC_WARN_ABOUT_RETURN_TYPE = YES_ERROR;
				GCC_WARN_UNDECLARED_SELECTOR = YES;
				GCC_WARN_UNINITIALIZED_AUTOS = YES_AGGRESSIVE;
				GCC_WARN_UNUSED_FUNCTION = YES;
				GCC_WARN_UNUSED_VARIABLE = YES;
				IPHONEOS_DEPLOYMENT_TARGET = 11.0;
				MTL_ENABLE_DEBUG_INFO = YES;
				ONLY_ACTIVE_ARCH = YES;
				SDKROOT = iphoneos;
			};
			name = Debug;
		};
		C0E7991A217F5AF6008763FA /* Release */ = {
			isa = XCBuildConfiguration;
			buildSettings = {
				ALWAYS_SEARCH_USER_PATHS = NO;
				CLANG_ANALYZER_NONNULL = YES;
				CLANG_ANALYZER_NUMBER_OBJECT_CONVERSION = YES_AGGRESSIVE;
				CLANG_CXX_LANGUAGE_STANDARD = "gnu++14";
				CLANG_CXX_LIBRARY = "libc++";
				CLANG_ENABLE_MODULES = YES;
				CLANG_ENABLE_OBJC_ARC = YES;
				CLANG_WARN_BLOCK_CAPTURE_AUTORELEASING = YES;
				CLANG_WARN_BOOL_CONVERSION = YES;
				CLANG_WARN_COMMA = YES;
				CLANG_WARN_CONSTANT_CONVERSION = YES;
				CLANG_WARN_DIRECT_OBJC_ISA_USAGE = YES_ERROR;
				CLANG_WARN_DOCUMENTATION_COMMENTS = YES;
				CLANG_WARN_EMPTY_BODY = YES;
				CLANG_WARN_ENUM_CONVERSION = YES;
				CLANG_WARN_INFINITE_RECURSION = YES;
				CLANG_WARN_INT_CONVERSION = YES;
				CLANG_WARN_NON_LITERAL_NULL_CONVERSION = YES;
				CLANG_WARN_OBJC_LITERAL_CONVERSION = YES;
				CLANG_WARN_OBJC_ROOT_CLASS = YES_ERROR;
				CLANG_WARN_RANGE_LOOP_ANALYSIS = YES;
				CLANG_WARN_STRICT_PROTOTYPES = YES;
				CLANG_WARN_SUSPICIOUS_MOVE = YES;
				CLANG_WARN_UNGUARDED_AVAILABILITY = YES_AGGRESSIVE;
				CLANG_WARN_UNREACHABLE_CODE = YES;
				CLANG_WARN__DUPLICATE_METHOD_MATCH = YES;
				CODE_SIGN_IDENTITY = "iPhone Developer";
				COPY_PHASE_STRIP = NO;
				DEBUG_INFORMATION_FORMAT = "dwarf-with-dsym";
				ENABLE_NS_ASSERTIONS = NO;
				ENABLE_STRICT_OBJC_MSGSEND = YES;
				GCC_C_LANGUAGE_STANDARD = gnu11;
				GCC_NO_COMMON_BLOCKS = YES;
				GCC_WARN_64_TO_32_BIT_CONVERSION = YES;
				GCC_WARN_ABOUT_RETURN_TYPE = YES_ERROR;
				GCC_WARN_UNDECLARED_SELECTOR = YES;
				GCC_WARN_UNINITIALIZED_AUTOS = YES_AGGRESSIVE;
				GCC_WARN_UNUSED_FUNCTION = YES;
				GCC_WARN_UNUSED_VARIABLE = YES;
				IPHONEOS_DEPLOYMENT_TARGET = 11.0;
				MTL_ENABLE_DEBUG_INFO = NO;
				SDKROOT = iphoneos;
				VALIDATE_PRODUCT = YES;
			};
			name = Release;
		};
		C0E7991C217F5AF6008763FA /* Debug */ = {
			isa = XCBuildConfiguration;
			buildSettings = {
				ASSETCATALOG_COMPILER_APPICON_NAME = AppIcon;
				CODE_SIGN_STYLE = Automatic;
				DEVELOPMENT_TEAM = TFEY5JV6HS;
				INFOPLIST_FILE = CustomControlFromXib/Info.plist;
				LD_RUNPATH_SEARCH_PATHS = "$(inherited) @executable_path/Frameworks";
				PRODUCT_BUNDLE_IDENTIFIER = com.ismile365.WSStudent.CustomControlFromXib;
				PRODUCT_NAME = "$(TARGET_NAME)";
				TARGETED_DEVICE_FAMILY = "1,2";
			};
			name = Debug;
		};
		C0E7991D217F5AF6008763FA /* Release */ = {
			isa = XCBuildConfiguration;
			buildSettings = {
				ASSETCATALOG_COMPILER_APPICON_NAME = AppIcon;
				CODE_SIGN_STYLE = Automatic;
				DEVELOPMENT_TEAM = TFEY5JV6HS;
				INFOPLIST_FILE = CustomControlFromXib/Info.plist;
				LD_RUNPATH_SEARCH_PATHS = "$(inherited) @executable_path/Frameworks";
				PRODUCT_BUNDLE_IDENTIFIER = com.ismile365.WSStudent.CustomControlFromXib;
				PRODUCT_NAME = "$(TARGET_NAME)";
				TARGETED_DEVICE_FAMILY = "1,2";
			};
			name = Release;
		};
/* End XCBuildConfiguration section */

/* Begin XCConfigurationList section */
		C0E79900217F5AF6008763FA /* Build configuration list for PBXProject "CustomControlFromXib" */ = {
			isa = XCConfigurationList;
			buildConfigurations = (
				C0E79919217F5AF6008763FA /* Debug */,
				C0E7991A217F5AF6008763FA /* Release */,
			);
			defaultConfigurationIsVisible = 0;
			defaultConfigurationName = Release;
		};
		C0E7991B217F5AF6008763FA /* Build configuration list for PBXNativeTarget "CustomControlFromXib" */ = {
			isa = XCConfigurationList;
			buildConfigurations = (
				C0E7991C217F5AF6008763FA /* Debug */,
				C0E7991D217F5AF6008763FA /* Release */,
			);
			defaultConfigurationIsVisible = 0;
			defaultConfigurationName = Release;
		};
/* End XCConfigurationList section */
	};
	rootObject = C0E798FD217F5AF6008763FA /* Project object */;
}
